
Microsoft Visual Studio Solution File, Format Version 12.00
# Visual Studio 15
VisualStudioVersion = 15.0.27004.2006
MinimumVisualStudioVersion = 10.0.40219.1
Project("{9A19103F-16F7-4668-BE54-9A1E7A4F7556}") = "Example1.Console", "Example1.ConsoleApp\Example1.Console.csproj", "{792D4311-C388-453E-9005-64BE1E56613E}"
EndProject
Project("{2150E333-8FDC-42A3-9474-1A3956D46DE8}") = "Example1", "Example1", "{482A652A-A05D-47F8-B075-3DA530ABBEA7}"
EndProject
Project("{2150E333-8FDC-42A3-9474-1A3956D46DE8}") = "Solution Items", "Solution Items", "{F25FF61F-380F-42F2-82D1-CB7D669B06CA}"
	ProjectSection(SolutionItems) = preProject
		TextFile1.txt = TextFile1.txt
	EndProjectSection
EndProject
Project("{2150E333-8FDC-42A3-9474-1A3956D46DE8}") = "Example2", "Example2", "{B61B5EA8-CF20-4CF6-AC11-CEC8DE089895}"
EndProject
Project("{9A19103F-16F7-4668-BE54-9A1E7A4F7556}") = "Example2.Console", "Example2.Console\Example2.Console.csproj", "{57E5ABD5-6EEA-455B-AA4F-F0D425B70C0D}"
EndProject
Project("{9A19103F-16F7-4668-BE54-9A1E7A4F7556}") = "Example2.DomainModel", "Example2.DomainModel\Example2.DomainModel.csproj", "{D89DACF3-5A78-4EB7-A0B7-5DF33D5E91BD}"
EndProject
Project("{9A19103F-16F7-4668-BE54-9A1E7A4F7556}") = "Example2.DataAccess", "Example2.DataAccess\Example2.DataAccess.csproj", "{AC6B47E7-4833-446F-B2C5-448D20E6C0DA}"
EndProject
Project("{9A19103F-16F7-4668-BE54-9A1E7A4F7556}") = "Example3.DomainModel", "Example3.DomainModel\Example3.DomainModel.csproj", "{FE7D9548-16BB-4A9C-B9C1-97E43ED56DCE}"
EndProject
Project("{2150E333-8FDC-42A3-9474-1A3956D46DE8}") = "Example3", "Example3", "{BB77FEFE-D165-473F-85F3-B4BFA1E143DB}"
EndProject
Project("{9A19103F-16F7-4668-BE54-9A1E7A4F7556}") = "Example3.ConsoleApp", "Example3.ConsoleApp\Example3.ConsoleApp.csproj", "{75F54E6F-A7E2-4404-99EC-19665AAD5AB5}"
EndProject
Project("{9A19103F-16F7-4668-BE54-9A1E7A4F7556}") = "Example3.DataAccess", "Example3.DataAccess\Example3.DataAccess.csproj", "{4600A9B9-7288-4EA5-B747-A43C40D6F61E}"
EndProject
Project("{FAE04EC0-301F-11D3-BF4B-00C04F79EFBC}") = "Example3.Tests", "Example3.Tests\Example3.Tests.csproj", "{ADF282DE-0A9F-4A00-8646-60113936F686}"
EndProject
Project("{FAE04EC0-301F-11D3-BF4B-00C04F79EFBC}") = "Example2.Tests", "Example2.Tests\Example2.Tests.csproj", "{F722E21D-E9A3-4B38-B6D3-FB8BC48E864E}"
EndProject
Project("{2150E333-8FDC-42A3-9474-1A3956D46DE8}") = "Example2b", "Example2b", "{E6223BFE-192A-40F9-B5EA-57AB55E500A5}"
EndProject
Project("{FAE04EC0-301F-11D3-BF4B-00C04F79EFBC}") = "Example2b.ConsoleApp", "Example2b.ConsoleApp\Example2b.ConsoleApp.csproj", "{51DABD4A-C2E9-42E1-9DE7-FC304555619A}"
EndProject
Project("{FAE04EC0-301F-11D3-BF4B-00C04F79EFBC}") = "Example2b.DomainModel", "Example2b.DomainModel\Example2b.DomainModel.csproj", "{03D674B9-6EF5-40D5-8606-1DC5292ED661}"
EndProject
Project("{FAE04EC0-301F-11D3-BF4B-00C04F79EFBC}") = "Example2b.DataAccess", "Example2b.DataAccess\Example2b.DataAccess.csproj", "{B86D2B0B-434E-4E78-B908-3CD2209BB735}"
EndProject
Global
	GlobalSection(SolutionConfigurationPlatforms) = preSolution
		Debug|Any CPU = Debug|Any CPU
		Release|Any CPU = Release|Any CPU
	EndGlobalSection
	GlobalSection(ProjectConfigurationPlatforms) = postSolution
		{792D4311-C388-453E-9005-64BE1E56613E}.Debug|Any CPU.ActiveCfg = Debug|Any CPU
		{792D4311-C388-453E-9005-64BE1E56613E}.Debug|Any CPU.Build.0 = Debug|Any CPU
		{792D4311-C388-453E-9005-64BE1E56613E}.Release|Any CPU.ActiveCfg = Release|Any CPU
		{792D4311-C388-453E-9005-64BE1E56613E}.Release|Any CPU.Build.0 = Release|Any CPU
		{57E5ABD5-6EEA-455B-AA4F-F0D425B70C0D}.Debug|Any CPU.ActiveCfg = Debug|Any CPU
		{57E5ABD5-6EEA-455B-AA4F-F0D425B70C0D}.Debug|Any CPU.Build.0 = Debug|Any CPU
		{57E5ABD5-6EEA-455B-AA4F-F0D425B70C0D}.Release|Any CPU.ActiveCfg = Release|Any CPU
		{57E5ABD5-6EEA-455B-AA4F-F0D425B70C0D}.Release|Any CPU.Build.0 = Release|Any CPU
		{D89DACF3-5A78-4EB7-A0B7-5DF33D5E91BD}.Debug|Any CPU.ActiveCfg = Debug|Any CPU
		{D89DACF3-5A78-4EB7-A0B7-5DF33D5E91BD}.Debug|Any CPU.Build.0 = Debug|Any CPU
		{D89DACF3-5A78-4EB7-A0B7-5DF33D5E91BD}.Release|Any CPU.ActiveCfg = Release|Any CPU
		{D89DACF3-5A78-4EB7-A0B7-5DF33D5E91BD}.Release|Any CPU.Build.0 = Release|Any CPU
		{AC6B47E7-4833-446F-B2C5-448D20E6C0DA}.Debug|Any CPU.ActiveCfg = Debug|Any CPU
		{AC6B47E7-4833-446F-B2C5-448D20E6C0DA}.Debug|Any CPU.Build.0 = Debug|Any CPU
		{AC6B47E7-4833-446F-B2C5-448D20E6C0DA}.Release|Any CPU.ActiveCfg = Release|Any CPU
		{AC6B47E7-4833-446F-B2C5-448D20E6C0DA}.Release|Any CPU.Build.0 = Release|Any CPU
		{FE7D9548-16BB-4A9C-B9C1-97E43ED56DCE}.Debug|Any CPU.ActiveCfg = Debug|Any CPU
		{FE7D9548-16BB-4A9C-B9C1-97E43ED56DCE}.Debug|Any CPU.Build.0 = Debug|Any CPU
		{FE7D9548-16BB-4A9C-B9C1-97E43ED56DCE}.Release|Any CPU.ActiveCfg = Release|Any CPU
		{FE7D9548-16BB-4A9C-B9C1-97E43ED56DCE}.Release|Any CPU.Build.0 = Release|Any CPU
		{75F54E6F-A7E2-4404-99EC-19665AAD5AB5}.Debug|Any CPU.ActiveCfg = Debug|Any CPU
		{75F54E6F-A7E2-4404-99EC-19665AAD5AB5}.Debug|Any CPU.Build.0 = Debug|Any CPU
		{75F54E6F-A7E2-4404-99EC-19665AAD5AB5}.Release|Any CPU.ActiveCfg = Release|Any CPU
		{75F54E6F-A7E2-4404-99EC-19665AAD5AB5}.Release|Any CPU.Build.0 = Release|Any CPU
		{4600A9B9-7288-4EA5-B747-A43C40D6F61E}.Debug|Any CPU.ActiveCfg = Debug|Any CPU
		{4600A9B9-7288-4EA5-B747-A43C40D6F61E}.Debug|Any CPU.Build.0 = Debug|Any CPU
		{4600A9B9-7288-4EA5-B747-A43C40D6F61E}.Release|Any CPU.ActiveCfg = Release|Any CPU
		{4600A9B9-7288-4EA5-B747-A43C40D6F61E}.Release|Any CPU.Build.0 = Release|Any CPU
		{ADF282DE-0A9F-4A00-8646-60113936F686}.Debug|Any CPU.ActiveCfg = Debug|Any CPU
		{ADF282DE-0A9F-4A00-8646-60113936F686}.Debug|Any CPU.Build.0 = Debug|Any CPU
		{ADF282DE-0A9F-4A00-8646-60113936F686}.Release|Any CPU.ActiveCfg = Release|Any CPU
		{ADF282DE-0A9F-4A00-8646-60113936F686}.Release|Any CPU.Build.0 = Release|Any CPU
		{F722E21D-E9A3-4B38-B6D3-FB8BC48E864E}.Debug|Any CPU.ActiveCfg = Debug|Any CPU
		{F722E21D-E9A3-4B38-B6D3-FB8BC48E864E}.Debug|Any CPU.Build.0 = Debug|Any CPU
		{F722E21D-E9A3-4B38-B6D3-FB8BC48E864E}.Release|Any CPU.ActiveCfg = Release|Any CPU
		{F722E21D-E9A3-4B38-B6D3-FB8BC48E864E}.Release|Any CPU.Build.0 = Release|Any CPU
		{51DABD4A-C2E9-42E1-9DE7-FC304555619A}.Debug|Any CPU.ActiveCfg = Debug|Any CPU
		{51DABD4A-C2E9-42E1-9DE7-FC304555619A}.Debug|Any CPU.Build.0 = Debug|Any CPU
		{51DABD4A-C2E9-42E1-9DE7-FC304555619A}.Release|Any CPU.ActiveCfg = Release|Any CPU
		{51DABD4A-C2E9-42E1-9DE7-FC304555619A}.Release|Any CPU.Build.0 = Release|Any CPU
		{03D674B9-6EF5-40D5-8606-1DC5292ED661}.Debug|Any CPU.ActiveCfg = Debug|Any CPU
		{03D674B9-6EF5-40D5-8606-1DC5292ED661}.Debug|Any CPU.Build.0 = Debug|Any CPU
		{03D674B9-6EF5-40D5-8606-1DC5292ED661}.Release|Any CPU.ActiveCfg = Release|Any CPU
		{03D674B9-6EF5-40D5-8606-1DC5292ED661}.Release|Any CPU.Build.0 = Release|Any CPU
		{B86D2B0B-434E-4E78-B908-3CD2209BB735}.Debug|Any CPU.ActiveCfg = Debug|Any CPU
		{B86D2B0B-434E-4E78-B908-3CD2209BB735}.Debug|Any CPU.Build.0 = Debug|Any CPU
		{B86D2B0B-434E-4E78-B908-3CD2209BB735}.Release|Any CPU.ActiveCfg = Release|Any CPU
		{B86D2B0B-434E-4E78-B908-3CD2209BB735}.Release|Any CPU.Build.0 = Release|Any CPU
	EndGlobalSection
	GlobalSection(SolutionProperties) = preSolution
		HideSolutionNode = FALSE
	EndGlobalSection
	GlobalSection(NestedProjects) = preSolution
		{792D4311-C388-453E-9005-64BE1E56613E} = {482A652A-A05D-47F8-B075-3DA530ABBEA7}
		{57E5ABD5-6EEA-455B-AA4F-F0D425B70C0D} = {B61B5EA8-CF20-4CF6-AC11-CEC8DE089895}
		{D89DACF3-5A78-4EB7-A0B7-5DF33D5E91BD} = {B61B5EA8-CF20-4CF6-AC11-CEC8DE089895}
		{AC6B47E7-4833-446F-B2C5-448D20E6C0DA} = {B61B5EA8-CF20-4CF6-AC11-CEC8DE089895}
		{FE7D9548-16BB-4A9C-B9C1-97E43ED56DCE} = {BB77FEFE-D165-473F-85F3-B4BFA1E143DB}
		{75F54E6F-A7E2-4404-99EC-19665AAD5AB5} = {BB77FEFE-D165-473F-85F3-B4BFA1E143DB}
		{4600A9B9-7288-4EA5-B747-A43C40D6F61E} = {BB77FEFE-D165-473F-85F3-B4BFA1E143DB}
		{ADF282DE-0A9F-4A00-8646-60113936F686} = {BB77FEFE-D165-473F-85F3-B4BFA1E143DB}
		{F722E21D-E9A3-4B38-B6D3-FB8BC48E864E} = {B61B5EA8-CF20-4CF6-AC11-CEC8DE089895}
		{51DABD4A-C2E9-42E1-9DE7-FC304555619A} = {E6223BFE-192A-40F9-B5EA-57AB55E500A5}
		{03D674B9-6EF5-40D5-8606-1DC5292ED661} = {E6223BFE-192A-40F9-B5EA-57AB55E500A5}
		{B86D2B0B-434E-4E78-B908-3CD2209BB735} = {E6223BFE-192A-40F9-B5EA-57AB55E500A5}
	EndGlobalSection
	GlobalSection(ExtensibilityGlobals) = postSolution
		SolutionGuid = {7A15536B-023B-461E-85ED-0EC4FACB706A}
	EndGlobalSection
EndGlobal
